// !$*UTF8*$!
{
	archiveVersion = 1;
	classes = {
	};
	objectVersion = 46;
	objects = {

/* Begin PBXBuildFile section */
		B6E845C91A203F4F008D509D /* main.m in Sources */ = {isa = PBXBuildFile; fileRef = B6E845C81A203F4F008D509D /* main.m */; };
		B6E845CC1A203F4F008D509D /* AppDelegate.m in Sources */ = {isa = PBXBuildFile; fileRef = B6E845CB1A203F4F008D509D /* AppDelegate.m */; };
		B6E845CF1A203F4F008D509D /* Tomato.xcdatamodeld in Sources */ = {isa = PBXBuildFile; fileRef = B6E845CD1A203F4F008D509D /* Tomato.xcdatamodeld */; };
		B6E845D21A203F4F008D509D /* ViewController.m in Sources */ = {isa = PBXBuildFile; fileRef = B6E845D11A203F4F008D509D /* ViewController.m */; };
		B6E845D51A203F4F008D509D /* Main.storyboard in Resources */ = {isa = PBXBuildFile; fileRef = B6E845D31A203F4F008D509D /* Main.storyboard */; };
		B6E845D71A203F4F008D509D /* Images.xcassets in Resources */ = {isa = PBXBuildFile; fileRef = B6E845D61A203F4F008D509D /* Images.xcassets */; };
		B6E845DA1A203F4F008D509D /* LaunchScreen.xib in Resources */ = {isa = PBXBuildFile; fileRef = B6E845D81A203F4F008D509D /* LaunchScreen.xib */; };
		B6E845E61A203F4F008D509D /* TomatoTests.m in Sources */ = {isa = PBXBuildFile; fileRef = B6E845E51A203F4F008D509D /* TomatoTests.m */; };
		B6E845F11A205488008D509D /* PlanViewController.m in Sources */ = {isa = PBXBuildFile; fileRef = B6E845F01A205488008D509D /* PlanViewController.m */; };
		B6E845F41A205D4B008D509D /* PushNoAnimationSegue.m in Sources */ = {isa = PBXBuildFile; fileRef = B6E845F31A205D4B008D509D /* PushNoAnimationSegue.m */; };
/* End PBXBuildFile section */

/* Begin PBXContainerItemProxy section */
		B6E845E01A203F4F008D509D /* PBXContainerItemProxy */ = {
			isa = PBXContainerItemProxy;
			containerPortal = B6E845BB1A203F4F008D509D /* Project object */;
			proxyType = 1;
			remoteGlobalIDString = B6E845C21A203F4F008D509D;
			remoteInfo = Tomato;
		};
/* End PBXContainerItemProxy section */

/* Begin PBXFileReference section */
		B6E845C31A203F4F008D509D /* Tomato.app */ = {isa = PBXFileReference; explicitFileType = wrapper.application; includeInIndex = 0; path = Tomato.app; sourceTree = BUILT_PRODUCTS_DIR; };
		B6E845C71A203F4F008D509D /* Info.plist */ = {isa = PBXFileReference; lastKnownFileType = text.plist.xml; path = Info.plist; sourceTree = "<group>"; };
		B6E845C81A203F4F008D509D /* main.m */ = {isa = PBXFileReference; lastKnownFileType = sourcecode.c.objc; path = main.m; sourceTree = "<group>"; };
		B6E845CA1A203F4F008D509D /* AppDelegate.h */ = {isa = PBXFileReference; lastKnownFileType = sourcecode.c.h; path = AppDelegate.h; sourceTree = "<group>"; };
		B6E845CB1A203F4F008D509D /* AppDelegate.m */ = {isa = PBXFileReference; lastKnownFileType = sourcecode.c.objc; path = AppDelegate.m; sourceTree = "<group>"; };
		B6E845CE1A203F4F008D509D /* Tomato.xcdatamodel */ = {isa = PBXFileReference; lastKnownFileType = wrapper.xcdatamodel; path = Tomato.xcdatamodel; sourceTree = "<group>"; };
		B6E845D01A203F4F008D509D /* ViewController.h */ = {isa = PBXFileReference; lastKnownFileType = sourcecode.c.h; path = ViewController.h; sourceTree = "<group>"; };
		B6E845D11A203F4F008D509D /* ViewController.m */ = {isa = PBXFileReference; lastKnownFileType = sourcecode.c.objc; path = ViewController.m; sourceTree = "<group>"; };
		B6E845D41A203F4F008D509D /* Base */ = {isa = PBXFileReference; lastKnownFileType = file.storyboard; name = Base; path = Base.lproj/Main.storyboard; sourceTree = "<group>"; };
		B6E845D61A203F4F008D509D /* Images.xcassets */ = {isa = PBXFileReference; lastKnownFileType = folder.assetcatalog; path = Images.xcassets; sourceTree = "<group>"; };
		B6E845D91A203F4F008D509D /* Base */ = {isa = PBXFileReference; lastKnownFileType = file.xib; name = Base; path = Base.lproj/LaunchScreen.xib; sourceTree = "<group>"; };
		B6E845DF1A203F4F008D509D /* TomatoTests.xctest */ = {isa = PBXFileReference; explicitFileType = wrapper.cfbundle; includeInIndex = 0; path = TomatoTests.xctest; sourceTree = BUILT_PRODUCTS_DIR; };
		B6E845E41A203F4F008D509D /* Info.plist */ = {isa = PBXFileReference; lastKnownFileType = text.plist.xml; path = Info.plist; sourceTree = "<group>"; };
		B6E845E51A203F4F008D509D /* TomatoTests.m */ = {isa = PBXFileReference; lastKnownFileType = sourcecode.c.objc; path = TomatoTests.m; sourceTree = "<group>"; };
		B6E845EF1A205488008D509D /* PlanViewController.h */ = {isa = PBXFileReference; fileEncoding = 4; lastKnownFileType = sourcecode.c.h; path = PlanViewController.h; sourceTree = "<group>"; };
		B6E845F01A205488008D509D /* PlanViewController.m */ = {isa = PBXFileReference; fileEncoding = 4; lastKnownFileType = sourcecode.c.objc; path = PlanViewController.m; sourceTree = "<group>"; };
		B6E845F21A205D4B008D509D /* PushNoAnimationSegue.h */ = {isa = PBXFileReference; fileEncoding = 4; lastKnownFileType = sourcecode.c.h; path = PushNoAnimationSegue.h; sourceTree = "<group>"; };
		B6E845F31A205D4B008D509D /* PushNoAnimationSegue.m */ = {isa = PBXFileReference; fileEncoding = 4; lastKnownFileType = sourcecode.c.objc; path = PushNoAnimationSegue.m; sourceTree = "<group>"; };
/* End PBXFileReference section */

/* Begin PBXFrameworksBuildPhase section */
		B6E845C01A203F4F008D509D /* Frameworks */ = {
			isa = PBXFrameworksBuildPhase;
			buildActionMask = 2147483647;
			files = (
			);
			runOnlyForDeploymentPostprocessing = 0;
		};
		B6E845DC1A203F4F008D509D /* Frameworks */ = {
			isa = PBXFrameworksBuildPhase;
			buildActionMask = 2147483647;
			files = (
			);
			runOnlyForDeploymentPostprocessing = 0;
		};
/* End PBXFrameworksBuildPhase section */

/* Begin PBXGroup section */
		B6E845BA1A203F4F008D509D = {
			isa = PBXGroup;
			children = (
				B6E845C51A203F4F008D509D /* Tomato */,
				B6E845E21A203F4F008D509D /* TomatoTests */,
				B6E845C41A203F4F008D509D /* Products */,
			);
			sourceTree = "<group>";
		};
		B6E845C41A203F4F008D509D /* Products */ = {
			isa = PBXGroup;
			children = (
				B6E845C31A203F4F008D509D /* Tomato.app */,
				B6E845DF1A203F4F008D509D /* TomatoTests.xctest */,
			);
			name = Products;
			sourceTree = "<group>";
		};
		B6E845C51A203F4F008D509D /* Tomato */ = {
			isa = PBXGroup;
			children = (
				B6E845CA1A203F4F008D509D /* AppDelegate.h */,
				B6E845CB1A203F4F008D509D /* AppDelegate.m */,
				B6E845D01A203F4F008D509D /* ViewController.h */,
				B6E845D11A203F4F008D509D /* ViewController.m */,
				B6E845EF1A205488008D509D /* PlanViewController.h */,
				B6E845F01A205488008D509D /* PlanViewController.m */,
				B6E845D31A203F4F008D509D /* Main.storyboard */,
				B6E845D61A203F4F008D509D /* Images.xcassets */,
				B6E845D81A203F4F008D509D /* LaunchScreen.xib */,
				B6E845CD1A203F4F008D509D /* Tomato.xcdatamodeld */,
				B6E845C61A203F4F008D509D /* Supporting Files */,
				B6E845F21A205D4B008D509D /* PushNoAnimationSegue.h */,
				B6E845F31A205D4B008D509D /* PushNoAnimationSegue.m */,
			);
			path = Tomato;
			sourceTree = "<group>";
		};
		B6E845C61A203F4F008D509D /* Supporting Files */ = {
			isa = PBXGroup;
			children = (
				B6E845C71A203F4F008D509D /* Info.plist */,
				B6E845C81A203F4F008D509D /* main.m */,
			);
			name = "Supporting Files";
			sourceTree = "<group>";
		};
		B6E845E21A203F4F008D509D /* TomatoTests */ = {
			isa = PBXGroup;
			children = (
				B6E845E51A203F4F008D509D /* TomatoTests.m */,
				B6E845E31A203F4F008D509D /* Supporting Files */,
			);
			path = TomatoTests;
			sourceTree = "<group>";
		};
		B6E845E31A203F4F008D509D /* Supporting Files */ = {
			isa = PBXGroup;
			children = (
				B6E845E41A203F4F008D509D /* Info.plist */,
			);
			name = "Supporting Files";
			sourceTree = "<group>";
		};
/* End PBXGroup section */

/* Begin PBXNativeTarget section */
		B6E845C21A203F4F008D509D /* Tomato */ = {
			isa = PBXNativeTarget;
			buildConfigurationList = B6E845E91A203F4F008D509D /* Build configuration list for PBXNativeTarget "Tomato" */;
			buildPhases = (
				B6E845BF1A203F4F008D509D /* Sources */,
				B6E845C01A203F4F008D509D /* Frameworks */,
				B6E845C11A203F4F008D509D /* Resources */,
			);
			buildRules = (
			);
			dependencies = (
			);
			name = Tomato;
			productName = Tomato;
			productReference = B6E845C31A203F4F008D509D /* Tomato.app */;
			productType = "com.apple.product-type.application";
		};
		B6E845DE1A203F4F008D509D /* TomatoTests */ = {
			isa = PBXNativeTarget;
			buildConfigurationList = B6E845EC1A203F4F008D509D /* Build configuration list for PBXNativeTarget "TomatoTests" */;
			buildPhases = (
				B6E845DB1A203F4F008D509D /* Sources */,
				B6E845DC1A203F4F008D509D /* Frameworks */,
				B6E845DD1A203F4F008D509D /* Resources */,
			);
			buildRules = (
			);
			dependencies = (
				B6E845E11A203F4F008D509D /* PBXTargetDependency */,
			);
			name = TomatoTests;
			productName = TomatoTests;
			productReference = B6E845DF1A203F4F008D509D /* TomatoTests.xctest */;
			productType = "com.apple.product-type.bundle.unit-test";
		};
/* End PBXNativeTarget section */

/* Begin PBXProject section */
		B6E845BB1A203F4F008D509D /* Project object */ = {
			isa = PBXProject;
			attributes = {
				LastUpgradeCheck = 0610;
				ORGANIZATIONNAME = dengjian;
				TargetAttributes = {
					B6E845C21A203F4F008D509D = {
						CreatedOnToolsVersion = 6.1;
					};
					B6E845DE1A203F4F008D509D = {
						CreatedOnToolsVersion = 6.1;
						TestTargetID = B6E845C21A203F4F008D509D;
					};
				};
			};
			buildConfigurationList = B6E845BE1A203F4F008D509D /* Build configuration list for PBXProject "Tomato" */;
			compatibilityVersion = "Xcode 3.2";
			developmentRegion = English;
			hasScannedForEncodings = 0;
			knownRegions = (
				en,
				Base,
			);
			mainGroup = B6E845BA1A203F4F008D509D;
			productRefGroup = B6E845C41A203F4F008D509D /* Products */;
			projectDirPath = "";
			projectRoot = "";
			targets = (
				B6E845C21A203F4F008D509D /* Tomato */,
				B6E845DE1A203F4F008D509D /* TomatoTests */,
			);
		};
/* End PBXProject section */

/* Begin PBXResourcesBuildPhase section */
		B6E845C11A203F4F008D509D /* Resources */ = {
			isa = PBXResourcesBuildPhase;
			buildActionMask = 2147483647;
			files = (
				B6E845D51A203F4F008D509D /* Main.storyboard in Resources */,
				B6E845DA1A203F4F008D509D /* LaunchScreen.xib in Resources */,
				B6E845D71A203F4F008D509D /* Images.xcassets in Resources */,
			);
			runOnlyForDeploymentPostprocessing = 0;
		};
		B6E845DD1A203F4F008D509D /* Resources */ = {
			isa = PBXResourcesBuildPhase;
			buildActionMask = 2147483647;
			files = (
			);
			runOnlyForDeploymentPostprocessing = 0;
		};
/* End PBXResourcesBuildPhase section */

/* Begin PBXSourcesBuildPhase section */
		B6E845BF1A203F4F008D509D /* Sources */ = {
			isa = PBXSourcesBuildPhase;
			buildActionMask = 2147483647;
			files = (
				B6E845CF1A203F4F008D509D /* Tomato.xcdatamodeld in Sources */,
				B6E845CC1A203F4F008D509D /* AppDelegate.m in Sources */,
				B6E845D21A203F4F008D509D /* ViewController.m in Sources */,
				B6E845F11A205488008D509D /* PlanViewController.m in Sources */,
				B6E845C91A203F4F008D509D /* main.m in Sources */,
				B6E845F41A205D4B008D509D /* PushNoAnimationSegue.m in Sources */,
			);
			runOnlyForDeploymentPostprocessing = 0;
		};
		B6E845DB1A203F4F008D509D /* Sources */ = {
			isa = PBXSourcesBuildPhase;
			buildActionMask = 2147483647;
			files = (
				B6E845E61A203F4F008D509D /* TomatoTests.m in Sources */,
			);
			runOnlyForDeploymentPostprocessing = 0;
		};
/* End PBXSourcesBuildPhase section */

/* Begin PBXTargetDependency section */
		B6E845E11A203F4F008D509D /* PBXTargetDependency */ = {
			isa = PBXTargetDependency;
			target = B6E845C21A203F4F008D509D /* Tomato */;
			targetProxy = B6E845E01A203F4F008D509D /* PBXContainerItemProxy */;
		};
/* End PBXTargetDependency section */

/* Begin PBXVariantGroup section */
		B6E845D31A203F4F008D509D /* Main.storyboard */ = {
			isa = PBXVariantGroup;
			children = (
				B6E845D41A203F4F008D509D /* Base */,
			);
			name = Main.storyboard;
			sourceTree = "<group>";
		};
		B6E845D81A203F4F008D509D /* LaunchScreen.xib */ = {
			isa = PBXVariantGroup;
			children = (
				B6E845D91A203F4F008D509D /* Base */,
			);
			name = LaunchScreen.xib;
			sourceTree = "<group>";
		};
/* End PBXVariantGroup section */

/* Begin XCBuildConfiguration section */
		B6E845E71A203F4F008D509D /* Debug */ = {
			isa = XCBuildConfiguration;
			buildSettings = {
				ALWAYS_SEARCH_USER_PATHS = NO;
				CLANG_CXX_LANGUAGE_STANDARD = "gnu++0x";
				CLANG_CXX_LIBRARY = "libc++";
				CLANG_ENABLE_MODULES = YES;
				CLANG_ENABLE_OBJC_ARC = YES;
				CLANG_WARN_BOOL_CONVERSION = YES;
				CLANG_WARN_CONSTANT_CONVERSION = YES;
				CLANG_WARN_DIRECT_OBJC_ISA_USAGE = YES_ERROR;
				CLANG_WARN_EMPTY_BODY = YES;
				CLANG_WARN_ENUM_CONVERSION = YES;
				CLANG_WARN_INT_CONVERSION = YES;
				CLANG_WARN_OBJC_ROOT_CLASS = YES_ERROR;
				CLANG_WARN_UNREACHABLE_CODE = YES;
				CLANG_WARN__DUPLICATE_METHOD_MATCH = YES;
				"CODE_SIGN_IDENTITY[sdk=iphoneos*]" = "iPhone Developer";
				COPY_PHASE_STRIP = NO;
				ENABLE_STRICT_OBJC_MSGSEND = YES;
				GCC_C_LANGUAGE_STANDARD = gnu99;
				GCC_DYNAMIC_NO_PIC = NO;
				GCC_OPTIMIZATION_LEVEL = 0;
				GCC_PREPROCESSOR_DEFINITIONS = (
					"DEBUG=1",
					"$(inherited)",
				);
				GCC_SYMBOLS_PRIVATE_EXTERN = NO;
				GCC_WARN_64_TO_32_BIT_CONVERSION = YES;
				GCC_WARN_ABOUT_RETURN_TYPE = YES_ERROR;
				GCC_WARN_UNDECLARED_SELECTOR = YES;
				GCC_WARN_UNINITIALIZED_AUTOS = YES_AGGRESSIVE;
				GCC_WARN_UNUSED_FUNCTION = YES;
				GCC_WARN_UNUSED_VARIABLE = YES;
				IPHONEOS_DEPLOYMENT_TARGET = 8.1;
				MTL_ENABLE_DEBUG_INFO = YES;
				ONLY_ACTIVE_ARCH = YES;
				SDKROOT = iphoneos;
				TARGETED_DEVICE_FAMILY = "1,2";
			};
			name = Debug;
		};
		B6E845E81A203F4F008D509D /* Release */ = {
			isa = XCBuildConfiguration;
			buildSettings = {
				ALWAYS_SEARCH_USER_PATHS = NO;
				CLANG_CXX_LANGUAGE_STANDARD = "gnu++0x";
				CLANG_CXX_LIBRARY = "libc++";
				CLANG_ENABLE_MODULES = YES;
				CLANG_ENABLE_OBJC_ARC = YES;
				CLANG_WARN_BOOL_CONVERSION = YES;
				CLANG_WARN_CONSTANT_CONVERSION = YES;
				CLANG_WARN_DIRECT_OBJC_ISA_USAGE = YES_ERROR;
				CLANG_WARN_EMPTY_BODY = YES;
				CLANG_WARN_ENUM_CONVERSION = YES;
				CLANG_WARN_INT_CONVERSION = YES;
				CLANG_WARN_OBJC_ROOT_CLASS = YES_ERROR;
				CLANG_WARN_UNREACHABLE_CODE = YES;
				CLANG_WARN__DUPLICATE_METHOD_MATCH = YES;
				"CODE_SIGN_IDENTITY[sdk=iphoneos*]" = "iPhone Developer";
				COPY_PHASE_STRIP = YES;
				ENABLE_NS_ASSERTIONS = NO;
				ENABLE_STRICT_OBJC_MSGSEND = YES;
				GCC_C_LANGUAGE_STANDARD = gnu99;
				GCC_WARN_64_TO_32_BIT_CONVERSION = YES;
				GCC_WARN_ABOUT_RETURN_TYPE = YES_ERROR;
				GCC_WARN_UNDECLARED_SELECTOR = YES;
				GCC_WARN_UNINITIALIZED_AUTOS = YES_AGGRESSIVE;
				GCC_WARN_UNUSED_FUNCTION = YES;
				GCC_WARN_UNUSED_VARIABLE = YES;
				IPHONEOS_DEPLOYMENT_TARGET = 8.1;
				MTL_ENABLE_DEBUG_INFO = NO;
				SDKROOT = iphoneos;
				TARGETED_DEVICE_FAMILY = "1,2";
				VALIDATE_PRODUCT = YES;
			};
			name = Release;
		};
		B6E845EA1A203F4F008D509D /* Debug */ = {
			isa = XCBuildConfiguration;
			buildSettings = {
				ASSETCATALOG_COMPILER_APPICON_NAME = AppIcon;
				INFOPLIST_FILE = Tomato/Info.plist;
				LD_RUNPATH_SEARCH_PATHS = "$(inherited) @executable_path/Frameworks";
				PRODUCT_NAME = "$(TARGET_NAME)";
			};
			name = Debug;
		};
		B6E845EB1A203F4F008D509D /* Release */ = {
			isa = XCBuildConfiguration;
			buildSettings = {
				ASSETCATALOG_COMPILER_APPICON_NAME = AppIcon;
				INFOPLIST_FILE = Tomato/Info.plist;
				LD_RUNPATH_SEARCH_PATHS = "$(inherited) @executable_path/Frameworks";
				PRODUCT_NAME = "$(TARGET_NAME)";
			};
			name = Release;
		};
		B6E845ED1A203F4F008D509D /* Debug */ = {
			isa = XCBuildConfiguration;
			buildSettings = {
				BUNDLE_LOADER = "$(TEST_HOST)";
				FRAMEWORK_SEARCH_PATHS = (
					"$(SDKROOT)/Developer/Library/Frameworks",
					"$(inherited)",
				);
				GCC_PREPROCESSOR_DEFINITIONS = (
					"DEBUG=1",
					"$(inherited)",
				);
				INFOPLIST_FILE = TomatoTests/Info.plist;
				LD_RUNPATH_SEARCH_PATHS = "$(inherited) @executable_path/Frameworks @loader_path/Frameworks";
				PRODUCT_NAME = "$(TARGET_NAME)";
				TEST_HOST = "$(BUILT_PRODUCTS_DIR)/Tomato.app/Tomato";
			};
			name = Debug;
		};
		B6E845EE1A203F4F008D509D /* Release */ = {
			isa = XCBuildConfiguration;
			buildSettings = {
				BUNDLE_LOADER = "$(TEST_HOST)";
				FRAMEWORK_SEARCH_PATHS = (
					"$(SDKROOT)/Developer/Library/Frameworks",
					"$(inherited)",
				);
				INFOPLIST_FILE = TomatoTests/Info.plist;
				LD_RUNPATH_SEARCH_PATHS = "$(inherited) @executable_path/Frameworks @loader_path/Frameworks";
				PRODUCT_NAME = "$(TARGET_NAME)";
				TEST_HOST = "$(BUILT_PRODUCTS_DIR)/Tomato.app/Tomato";
			};
			name = Release;
		};
/* End XCBuildConfiguration section */

/* Begin XCConfigurationList section */
		B6E845BE1A203F4F008D509D /* Build configuration list for PBXProject "Tomato" */ = {
			isa = XCConfigurationList;
			buildConfigurations = (
				B6E845E71A203F4F008D509D /* Debug */,
				B6E845E81A203F4F008D509D /* Release */,
			);
			defaultConfigurationIsVisible = 0;
			defaultConfigurationName = Release;
		};
		B6E845E91A203F4F008D509D /* Build configuration list for PBXNativeTarget "Tomato" */ = {
			isa = XCConfigurationList;
			buildConfigurations = (
				B6E845EA1A203F4F008D509D /* Debug */,
				B6E845EB1A203F4F008D509D /* Release */,
			);
			defaultConfigurationIsVisible = 0;
			defaultConfigurationName = Release;
		};
		B6E845EC1A203F4F008D509D /* Build configuration list for PBXNativeTarget "TomatoTests" */ = {
			isa = XCConfigurationList;
			buildConfigurations = (
				B6E845ED1A203F4F008D509D /* Debug */,
				B6E845EE1A203F4F008D509D /* Release */,
			);
			defaultConfigurationIsVisible = 0;
			defaultConfigurationName = Release;
		};
/* End XCConfigurationList section */

/* Begin XCVersionGroup section */
		B6E845CD1A203F4F008D509D /* Tomato.xcdatamodeld */ = {
			isa = XCVersionGroup;
			children = (
				B6E845CE1A203F4F008D509D /* Tomato.xcdatamodel */,
			);
			currentVersion = B6E845CE1A203F4F008D509D /* Tomato.xcdatamodel */;
			path = Tomato.xcdatamodeld;
			sourceTree = "<group>";
			versionGroupType = wrapper.xcdatamodel;
		};
/* End XCVersionGroup section */
	};
	rootObject = B6E845BB1A203F4F008D509D /* Project object */;
}
